
Microsoft Visual Studio Solution File, Format Version 12.00
# Visual Studio Version 17
VisualStudioVersion = 17.2.32630.192
MinimumVisualStudioVersion = 10.0.40219.1
Project("{FAE04EC0-301F-11D3-BF4B-00C04F79EFBC}") = "WpfApp1", "WpfApp1\WpfApp1.csproj", "{52FAD3B9-A70E-474E-884E-C28ADB7C839C}"
EndProject
Global
	GlobalSection(SolutionConfigurationPlatforms) = preSolution
		Debug|Any CPU = Debug|Any CPU
		Release|Any CPU = Release|Any CPU
	EndGlobalSection
	GlobalSection(ProjectConfigurationPlatforms) = postSolution
		{52FAD3B9-A70E-474E-884E-C28ADB7C839C}.Debug|Any CPU.ActiveCfg = Debug|Any CPU
		{52FAD3B9-A70E-474E-884E-C28ADB7C839C}.Debug|Any CPU.Build.0 = Debug|Any CPU
		{52FAD3B9-A70E-474E-884E-C28ADB7C839C}.Release|Any CPU.ActiveCfg = Release|Any CPU
		{52FAD3B9-A70E-474E-884E-C28ADB7C839C}.Release|Any CPU.Build.0 = Release|Any CPU
	EndGlobalSection
	GlobalSection(SolutionProperties) = preSolution
		HideSolutionNode = FALSE
	EndGlobalSection
	GlobalSection(ExtensibilityGlobals) = postSolution
		SolutionGuid = {6139C34B-A1C3-482F-8614-EC3530FDEE46}
	EndGlobalSection
EndGlobal
